{
  "name": "project-ex02",
  "version": "1.0.0",
  "lockfileVersion": 3,
  "requires": true,
  "packages": {
    "": {
      "name": "project-ex02",
      "version": "1.0.0",
      "license": "ISC",
      "dependencies": {
        "douzone-math": "file:../douzone-math"
      }
    },
    "node_modules/douzone-math": {
      "version": "1.0.0",
      "resolved": "file:../douzone-math",
      "license": "ISC"
    }
  }
}
